
Microsoft Visual Studio Solution File, Format Version 12.00
# Visual Studio Version 17
VisualStudioVersion = 17.13.35825.156 d17.13
MinimumVisualStudioVersion = 10.0.40219.1
Project("{FAE04EC0-301F-11D3-BF4B-00C04F79EFBC}") = "FinalProgTestingPhase - Zacal", "FinalProgTestingPhase - Zacal\FinalProgTestingPhase - Zacal.csproj", "{A9D4B760-B205-421C-9C01-23488B1E0B57}"
EndProject
Global
	GlobalSection(SolutionConfigurationPlatforms) = preSolution
		Debug|Any CPU = Debug|Any CPU
		Release|Any CPU = Release|Any CPU
	EndGlobalSection
	GlobalSection(ProjectConfigurationPlatforms) = postSolution
		{A9D4B760-B205-421C-9C01-23488B1E0B57}.Debug|Any CPU.ActiveCfg = Debug|Any CPU
		{A9D4B760-B205-421C-9C01-23488B1E0B57}.Debug|Any CPU.Build.0 = Debug|Any CPU
		{A9D4B760-B205-421C-9C01-23488B1E0B57}.Release|Any CPU.ActiveCfg = Release|Any CPU
		{A9D4B760-B205-421C-9C01-23488B1E0B57}.Release|Any CPU.Build.0 = Release|Any CPU
	EndGlobalSection
	GlobalSection(SolutionProperties) = preSolution
		HideSolutionNode = FALSE
	EndGlobalSection
	GlobalSection(ExtensibilityGlobals) = postSolution
		SolutionGuid = {3757DA72-D237-4DB7-A899-7D1CEAE33743}
	EndGlobalSection
EndGlobal
